
Microsoft Visual Studio Solution File, Format Version 12.00
# Visual Studio Version 17
VisualStudioVersion = 17.5.002.0
MinimumVisualStudioVersion = 10.0.40219.1
Project("{9A19103F-16F7-4668-BE54-9A1E7A4F7556}") = "Exercicio_01", "Exercicio_01\Exercicio_01.csproj", "{DB6F0BC3-ECC6-42F9-B777-C6020458A88C}"
EndProject
Project("{9A19103F-16F7-4668-BE54-9A1E7A4F7556}") = "Exercicio_02", "Exercicio_02\Exercicio_02.csproj", "{FF12AB02-FF87-45FD-ADB0-CA1BE2B39037}"
EndProject
Project("{9A19103F-16F7-4668-BE54-9A1E7A4F7556}") = "Exercicio_03", "Exercicio_03\Exercicio_03.csproj", "{05E04782-C62D-4ECF-A3AF-18E7D18DA85E}"
EndProject
Project("{9A19103F-16F7-4668-BE54-9A1E7A4F7556}") = "Exercicio_04", "Exercicio_04\Exercicio_04.csproj", "{145BF5DE-ACF5-46BF-8221-1F6CA186D64D}"
EndProject
Project("{9A19103F-16F7-4668-BE54-9A1E7A4F7556}") = "Exercicio_05", "Exercicio_05\Exercicio_05.csproj", "{3AF75A47-09F2-4337-8729-CC92701A782A}"
EndProject
Project("{9A19103F-16F7-4668-BE54-9A1E7A4F7556}") = "Exercicio_06", "Exercicio_06\Exercicio_06.csproj", "{89EB6DDC-612A-4C8E-99B5-A4DF71E80A51}"
EndProject
Project("{9A19103F-16F7-4668-BE54-9A1E7A4F7556}") = "Exercicio_07", "Exercicio_07\Exercicio_07.csproj", "{B81DE1E6-F50A-4171-9B6C-295130B9D9F2}"
EndProject
Project("{9A19103F-16F7-4668-BE54-9A1E7A4F7556}") = "Exercicio_08", "Exercicio_08\Exercicio_08.csproj", "{D626512E-6BFF-41ED-A06F-36B22289C24A}"
EndProject
Global
	GlobalSection(SolutionConfigurationPlatforms) = preSolution
		Debug|Any CPU = Debug|Any CPU
		Release|Any CPU = Release|Any CPU
	EndGlobalSection
	GlobalSection(ProjectConfigurationPlatforms) = postSolution
		{DB6F0BC3-ECC6-42F9-B777-C6020458A88C}.Debug|Any CPU.ActiveCfg = Debug|Any CPU
		{DB6F0BC3-ECC6-42F9-B777-C6020458A88C}.Debug|Any CPU.Build.0 = Debug|Any CPU
		{DB6F0BC3-ECC6-42F9-B777-C6020458A88C}.Release|Any CPU.ActiveCfg = Release|Any CPU
		{DB6F0BC3-ECC6-42F9-B777-C6020458A88C}.Release|Any CPU.Build.0 = Release|Any CPU
		{FF12AB02-FF87-45FD-ADB0-CA1BE2B39037}.Debug|Any CPU.ActiveCfg = Debug|Any CPU
		{FF12AB02-FF87-45FD-ADB0-CA1BE2B39037}.Debug|Any CPU.Build.0 = Debug|Any CPU
		{FF12AB02-FF87-45FD-ADB0-CA1BE2B39037}.Release|Any CPU.ActiveCfg = Release|Any CPU
		{FF12AB02-FF87-45FD-ADB0-CA1BE2B39037}.Release|Any CPU.Build.0 = Release|Any CPU
		{05E04782-C62D-4ECF-A3AF-18E7D18DA85E}.Debug|Any CPU.ActiveCfg = Debug|Any CPU
		{05E04782-C62D-4ECF-A3AF-18E7D18DA85E}.Debug|Any CPU.Build.0 = Debug|Any CPU
		{05E04782-C62D-4ECF-A3AF-18E7D18DA85E}.Release|Any CPU.ActiveCfg = Release|Any CPU
		{05E04782-C62D-4ECF-A3AF-18E7D18DA85E}.Release|Any CPU.Build.0 = Release|Any CPU
		{145BF5DE-ACF5-46BF-8221-1F6CA186D64D}.Debug|Any CPU.ActiveCfg = Debug|Any CPU
		{145BF5DE-ACF5-46BF-8221-1F6CA186D64D}.Debug|Any CPU.Build.0 = Debug|Any CPU
		{145BF5DE-ACF5-46BF-8221-1F6CA186D64D}.Release|Any CPU.ActiveCfg = Release|Any CPU
		{145BF5DE-ACF5-46BF-8221-1F6CA186D64D}.Release|Any CPU.Build.0 = Release|Any CPU
		{3AF75A47-09F2-4337-8729-CC92701A782A}.Debug|Any CPU.ActiveCfg = Debug|Any CPU
		{3AF75A47-09F2-4337-8729-CC92701A782A}.Debug|Any CPU.Build.0 = Debug|Any CPU
		{3AF75A47-09F2-4337-8729-CC92701A782A}.Release|Any CPU.ActiveCfg = Release|Any CPU
		{3AF75A47-09F2-4337-8729-CC92701A782A}.Release|Any CPU.Build.0 = Release|Any CPU
		{89EB6DDC-612A-4C8E-99B5-A4DF71E80A51}.Debug|Any CPU.ActiveCfg = Debug|Any CPU
		{89EB6DDC-612A-4C8E-99B5-A4DF71E80A51}.Debug|Any CPU.Build.0 = Debug|Any CPU
		{89EB6DDC-612A-4C8E-99B5-A4DF71E80A51}.Release|Any CPU.ActiveCfg = Release|Any CPU
		{89EB6DDC-612A-4C8E-99B5-A4DF71E80A51}.Release|Any CPU.Build.0 = Release|Any CPU
		{B81DE1E6-F50A-4171-9B6C-295130B9D9F2}.Debug|Any CPU.ActiveCfg = Debug|Any CPU
		{B81DE1E6-F50A-4171-9B6C-295130B9D9F2}.Debug|Any CPU.Build.0 = Debug|Any CPU
		{B81DE1E6-F50A-4171-9B6C-295130B9D9F2}.Release|Any CPU.ActiveCfg = Release|Any CPU
		{B81DE1E6-F50A-4171-9B6C-295130B9D9F2}.Release|Any CPU.Build.0 = Release|Any CPU
		{D626512E-6BFF-41ED-A06F-36B22289C24A}.Debug|Any CPU.ActiveCfg = Debug|Any CPU
		{D626512E-6BFF-41ED-A06F-36B22289C24A}.Debug|Any CPU.Build.0 = Debug|Any CPU
		{D626512E-6BFF-41ED-A06F-36B22289C24A}.Release|Any CPU.ActiveCfg = Release|Any CPU
		{D626512E-6BFF-41ED-A06F-36B22289C24A}.Release|Any CPU.Build.0 = Release|Any CPU
	EndGlobalSection
	GlobalSection(SolutionProperties) = preSolution
		HideSolutionNode = FALSE
	EndGlobalSection
	GlobalSection(ExtensibilityGlobals) = postSolution
		SolutionGuid = {69CCBEB3-97F7-4928-A004-7BB356E9334B}
	EndGlobalSection
EndGlobal
