
Microsoft Visual Studio Solution File, Format Version 12.00
# Visual Studio Version 17
VisualStudioVersion = 17.5.002.0
MinimumVisualStudioVersion = 10.0.40219.1
Project("{9A19103F-16F7-4668-BE54-9A1E7A4F7556}") = "Exercicio_01", "Exercicio_01\Exercicio_01.csproj", "{3C92AE1C-8C93-4278-9AA3-9505D70AD116}"
EndProject
Project("{9A19103F-16F7-4668-BE54-9A1E7A4F7556}") = "Exercicio_02", "Exercicio_02\Exercicio_02.csproj", "{7C3AA2F7-F17D-4950-9ECC-4AA0D45DE8E6}"
EndProject
Project("{9A19103F-16F7-4668-BE54-9A1E7A4F7556}") = "Exercicio_03", "Exercicio_03\Exercicio_03.csproj", "{5862FA66-D9BA-4DD8-8294-88327405A480}"
EndProject
Project("{9A19103F-16F7-4668-BE54-9A1E7A4F7556}") = "Exercicio_04", "Exercicio_04\Exercicio_04.csproj", "{B634C8EA-CFA0-42E4-8727-28490B47D657}"
EndProject
Project("{9A19103F-16F7-4668-BE54-9A1E7A4F7556}") = "Exercicio_05", "Exercicio_05\Exercicio_05.csproj", "{14CC827E-602A-40EE-8481-23F4B39C65AE}"
EndProject
Project("{9A19103F-16F7-4668-BE54-9A1E7A4F7556}") = "Exercicio_06", "Exercicio_06\Exercicio_06.csproj", "{6FAC36A9-DCA9-4FD2-80FD-FC8659D8143C}"
EndProject
Global
	GlobalSection(SolutionConfigurationPlatforms) = preSolution
		Debug|Any CPU = Debug|Any CPU
		Release|Any CPU = Release|Any CPU
	EndGlobalSection
	GlobalSection(ProjectConfigurationPlatforms) = postSolution
		{3C92AE1C-8C93-4278-9AA3-9505D70AD116}.Debug|Any CPU.ActiveCfg = Debug|Any CPU
		{3C92AE1C-8C93-4278-9AA3-9505D70AD116}.Debug|Any CPU.Build.0 = Debug|Any CPU
		{3C92AE1C-8C93-4278-9AA3-9505D70AD116}.Release|Any CPU.ActiveCfg = Release|Any CPU
		{3C92AE1C-8C93-4278-9AA3-9505D70AD116}.Release|Any CPU.Build.0 = Release|Any CPU
		{7C3AA2F7-F17D-4950-9ECC-4AA0D45DE8E6}.Debug|Any CPU.ActiveCfg = Debug|Any CPU
		{7C3AA2F7-F17D-4950-9ECC-4AA0D45DE8E6}.Debug|Any CPU.Build.0 = Debug|Any CPU
		{7C3AA2F7-F17D-4950-9ECC-4AA0D45DE8E6}.Release|Any CPU.ActiveCfg = Release|Any CPU
		{7C3AA2F7-F17D-4950-9ECC-4AA0D45DE8E6}.Release|Any CPU.Build.0 = Release|Any CPU
		{5862FA66-D9BA-4DD8-8294-88327405A480}.Debug|Any CPU.ActiveCfg = Debug|Any CPU
		{5862FA66-D9BA-4DD8-8294-88327405A480}.Debug|Any CPU.Build.0 = Debug|Any CPU
		{5862FA66-D9BA-4DD8-8294-88327405A480}.Release|Any CPU.ActiveCfg = Release|Any CPU
		{5862FA66-D9BA-4DD8-8294-88327405A480}.Release|Any CPU.Build.0 = Release|Any CPU
		{B634C8EA-CFA0-42E4-8727-28490B47D657}.Debug|Any CPU.ActiveCfg = Debug|Any CPU
		{B634C8EA-CFA0-42E4-8727-28490B47D657}.Debug|Any CPU.Build.0 = Debug|Any CPU
		{B634C8EA-CFA0-42E4-8727-28490B47D657}.Release|Any CPU.ActiveCfg = Release|Any CPU
		{B634C8EA-CFA0-42E4-8727-28490B47D657}.Release|Any CPU.Build.0 = Release|Any CPU
		{14CC827E-602A-40EE-8481-23F4B39C65AE}.Debug|Any CPU.ActiveCfg = Debug|Any CPU
		{14CC827E-602A-40EE-8481-23F4B39C65AE}.Debug|Any CPU.Build.0 = Debug|Any CPU
		{14CC827E-602A-40EE-8481-23F4B39C65AE}.Release|Any CPU.ActiveCfg = Release|Any CPU
		{14CC827E-602A-40EE-8481-23F4B39C65AE}.Release|Any CPU.Build.0 = Release|Any CPU
		{6FAC36A9-DCA9-4FD2-80FD-FC8659D8143C}.Debug|Any CPU.ActiveCfg = Debug|Any CPU
		{6FAC36A9-DCA9-4FD2-80FD-FC8659D8143C}.Debug|Any CPU.Build.0 = Debug|Any CPU
		{6FAC36A9-DCA9-4FD2-80FD-FC8659D8143C}.Release|Any CPU.ActiveCfg = Release|Any CPU
		{6FAC36A9-DCA9-4FD2-80FD-FC8659D8143C}.Release|Any CPU.Build.0 = Release|Any CPU
	EndGlobalSection
	GlobalSection(SolutionProperties) = preSolution
		HideSolutionNode = FALSE
	EndGlobalSection
	GlobalSection(ExtensibilityGlobals) = postSolution
		SolutionGuid = {080DBA97-D232-461A-8A7E-E39AF65D1335}
	EndGlobalSection
EndGlobal
