
Microsoft Visual Studio Solution File, Format Version 12.00
# Visual Studio Version 17
VisualStudioVersion = 17.5.002.0
MinimumVisualStudioVersion = 10.0.40219.1
Project("{9A19103F-16F7-4668-BE54-9A1E7A4F7556}") = "Exercicio_01", "Exercicio_01\Exercicio_01.csproj", "{8A3DE25E-28FF-4850-B971-2A0336E06D0E}"
EndProject
Project("{9A19103F-16F7-4668-BE54-9A1E7A4F7556}") = "Exercicio_02", "Exercicio_02\Exercicio_02.csproj", "{B9FDF432-073E-42F8-A413-9609FD623650}"
EndProject
Project("{9A19103F-16F7-4668-BE54-9A1E7A4F7556}") = "Exercicio_03", "Exercicio_03\Exercicio_03.csproj", "{F4298DBD-17DB-4271-AC73-46999CBD4BE9}"
EndProject
Project("{9A19103F-16F7-4668-BE54-9A1E7A4F7556}") = "Exercicio_04", "Exercicio_04\Exercicio_04.csproj", "{CFCA1E63-9855-4DE0-A58F-0B0AAAE7D3BE}"
EndProject
Project("{9A19103F-16F7-4668-BE54-9A1E7A4F7556}") = "Exercicio_05", "Exercicio_05\Exercicio_05.csproj", "{00793CDE-CB21-414A-8B53-8F82A81BC8BF}"
EndProject
Project("{9A19103F-16F7-4668-BE54-9A1E7A4F7556}") = "Exercicio_06", "Exercicio_06\Exercicio_06.csproj", "{FC436E99-C48C-469A-8A96-698DD50BAC93}"
EndProject
Project("{9A19103F-16F7-4668-BE54-9A1E7A4F7556}") = "Exercicio_07", "Exercicio_07\Exercicio_07.csproj", "{0A8C64F0-EA20-4AEE-9EC0-4F7D957206BB}"
EndProject
Project("{9A19103F-16F7-4668-BE54-9A1E7A4F7556}") = "Exercicio_08", "Exercicio_08\Exercicio_08.csproj", "{1A553876-4830-4258-AC69-7163D1679A03}"
EndProject
Project("{9A19103F-16F7-4668-BE54-9A1E7A4F7556}") = "Exercicio_09", "Exercicio_09\Exercicio_09.csproj", "{16479B9D-300D-40E2-BF97-409A75A9DB43}"
EndProject
Project("{9A19103F-16F7-4668-BE54-9A1E7A4F7556}") = "Exercicio_10", "Exercicio_10\Exercicio_10.csproj", "{161F35DF-25D1-4C97-8B02-69D898D39BC0}"
EndProject
Global
	GlobalSection(SolutionConfigurationPlatforms) = preSolution
		Debug|Any CPU = Debug|Any CPU
		Release|Any CPU = Release|Any CPU
	EndGlobalSection
	GlobalSection(ProjectConfigurationPlatforms) = postSolution
		{8A3DE25E-28FF-4850-B971-2A0336E06D0E}.Debug|Any CPU.ActiveCfg = Debug|Any CPU
		{8A3DE25E-28FF-4850-B971-2A0336E06D0E}.Debug|Any CPU.Build.0 = Debug|Any CPU
		{8A3DE25E-28FF-4850-B971-2A0336E06D0E}.Release|Any CPU.ActiveCfg = Release|Any CPU
		{8A3DE25E-28FF-4850-B971-2A0336E06D0E}.Release|Any CPU.Build.0 = Release|Any CPU
		{B9FDF432-073E-42F8-A413-9609FD623650}.Debug|Any CPU.ActiveCfg = Debug|Any CPU
		{B9FDF432-073E-42F8-A413-9609FD623650}.Debug|Any CPU.Build.0 = Debug|Any CPU
		{B9FDF432-073E-42F8-A413-9609FD623650}.Release|Any CPU.ActiveCfg = Release|Any CPU
		{B9FDF432-073E-42F8-A413-9609FD623650}.Release|Any CPU.Build.0 = Release|Any CPU
		{F4298DBD-17DB-4271-AC73-46999CBD4BE9}.Debug|Any CPU.ActiveCfg = Debug|Any CPU
		{F4298DBD-17DB-4271-AC73-46999CBD4BE9}.Debug|Any CPU.Build.0 = Debug|Any CPU
		{F4298DBD-17DB-4271-AC73-46999CBD4BE9}.Release|Any CPU.ActiveCfg = Release|Any CPU
		{F4298DBD-17DB-4271-AC73-46999CBD4BE9}.Release|Any CPU.Build.0 = Release|Any CPU
		{CFCA1E63-9855-4DE0-A58F-0B0AAAE7D3BE}.Debug|Any CPU.ActiveCfg = Debug|Any CPU
		{CFCA1E63-9855-4DE0-A58F-0B0AAAE7D3BE}.Debug|Any CPU.Build.0 = Debug|Any CPU
		{CFCA1E63-9855-4DE0-A58F-0B0AAAE7D3BE}.Release|Any CPU.ActiveCfg = Release|Any CPU
		{CFCA1E63-9855-4DE0-A58F-0B0AAAE7D3BE}.Release|Any CPU.Build.0 = Release|Any CPU
		{00793CDE-CB21-414A-8B53-8F82A81BC8BF}.Debug|Any CPU.ActiveCfg = Debug|Any CPU
		{00793CDE-CB21-414A-8B53-8F82A81BC8BF}.Debug|Any CPU.Build.0 = Debug|Any CPU
		{00793CDE-CB21-414A-8B53-8F82A81BC8BF}.Release|Any CPU.ActiveCfg = Release|Any CPU
		{00793CDE-CB21-414A-8B53-8F82A81BC8BF}.Release|Any CPU.Build.0 = Release|Any CPU
		{FC436E99-C48C-469A-8A96-698DD50BAC93}.Debug|Any CPU.ActiveCfg = Debug|Any CPU
		{FC436E99-C48C-469A-8A96-698DD50BAC93}.Debug|Any CPU.Build.0 = Debug|Any CPU
		{FC436E99-C48C-469A-8A96-698DD50BAC93}.Release|Any CPU.ActiveCfg = Release|Any CPU
		{FC436E99-C48C-469A-8A96-698DD50BAC93}.Release|Any CPU.Build.0 = Release|Any CPU
		{0A8C64F0-EA20-4AEE-9EC0-4F7D957206BB}.Debug|Any CPU.ActiveCfg = Debug|Any CPU
		{0A8C64F0-EA20-4AEE-9EC0-4F7D957206BB}.Debug|Any CPU.Build.0 = Debug|Any CPU
		{0A8C64F0-EA20-4AEE-9EC0-4F7D957206BB}.Release|Any CPU.ActiveCfg = Release|Any CPU
		{0A8C64F0-EA20-4AEE-9EC0-4F7D957206BB}.Release|Any CPU.Build.0 = Release|Any CPU
		{1A553876-4830-4258-AC69-7163D1679A03}.Debug|Any CPU.ActiveCfg = Debug|Any CPU
		{1A553876-4830-4258-AC69-7163D1679A03}.Debug|Any CPU.Build.0 = Debug|Any CPU
		{1A553876-4830-4258-AC69-7163D1679A03}.Release|Any CPU.ActiveCfg = Release|Any CPU
		{1A553876-4830-4258-AC69-7163D1679A03}.Release|Any CPU.Build.0 = Release|Any CPU
		{16479B9D-300D-40E2-BF97-409A75A9DB43}.Debug|Any CPU.ActiveCfg = Debug|Any CPU
		{16479B9D-300D-40E2-BF97-409A75A9DB43}.Debug|Any CPU.Build.0 = Debug|Any CPU
		{16479B9D-300D-40E2-BF97-409A75A9DB43}.Release|Any CPU.ActiveCfg = Release|Any CPU
		{16479B9D-300D-40E2-BF97-409A75A9DB43}.Release|Any CPU.Build.0 = Release|Any CPU
		{161F35DF-25D1-4C97-8B02-69D898D39BC0}.Debug|Any CPU.ActiveCfg = Debug|Any CPU
		{161F35DF-25D1-4C97-8B02-69D898D39BC0}.Debug|Any CPU.Build.0 = Debug|Any CPU
		{161F35DF-25D1-4C97-8B02-69D898D39BC0}.Release|Any CPU.ActiveCfg = Release|Any CPU
		{161F35DF-25D1-4C97-8B02-69D898D39BC0}.Release|Any CPU.Build.0 = Release|Any CPU
	EndGlobalSection
	GlobalSection(SolutionProperties) = preSolution
		HideSolutionNode = FALSE
	EndGlobalSection
	GlobalSection(ExtensibilityGlobals) = postSolution
		SolutionGuid = {5E1BCCA1-70DE-4EAC-B39F-F2AB2CBACC11}
	EndGlobalSection
EndGlobal
